
Microsoft Visual Studio Solution File, Format Version 12.00
# Visual Studio Version 16
VisualStudioVersion = 16.0.31729.503
MinimumVisualStudioVersion = 10.0.40219.1
Project("{FAE04EC0-301F-11D3-BF4B-00C04F79EFBC}") = "WpfNoModal", "WpfNoModal\WpfNoModal.csproj", "{CDB66304-1C33-46B7-980A-8B9AE5362A32}"
EndProject
Global
	GlobalSection(SolutionConfigurationPlatforms) = preSolution
		Debug|Any CPU = Debug|Any CPU
		Release|Any CPU = Release|Any CPU
	EndGlobalSection
	GlobalSection(ProjectConfigurationPlatforms) = postSolution
		{CDB66304-1C33-46B7-980A-8B9AE5362A32}.Debug|Any CPU.ActiveCfg = Debug|Any CPU
		{CDB66304-1C33-46B7-980A-8B9AE5362A32}.Debug|Any CPU.Build.0 = Debug|Any CPU
		{CDB66304-1C33-46B7-980A-8B9AE5362A32}.Release|Any CPU.ActiveCfg = Release|Any CPU
		{CDB66304-1C33-46B7-980A-8B9AE5362A32}.Release|Any CPU.Build.0 = Release|Any CPU
	EndGlobalSection
	GlobalSection(SolutionProperties) = preSolution
		HideSolutionNode = FALSE
	EndGlobalSection
	GlobalSection(ExtensibilityGlobals) = postSolution
		SolutionGuid = {17A5563B-2684-4A18-931D-0D469C1C657F}
	EndGlobalSection
EndGlobal
